
Microsoft Visual Studio Solution File, Format Version 12.00
# Visual Studio Version 16
VisualStudioVersion = 16.0.31205.134
MinimumVisualStudioVersion = 10.0.40219.1
Project("{FAE04EC0-301F-11D3-BF4B-00C04F79EFBC}") = "RPS", "RPS\RPS.csproj", "{B3BAE6BB-2C68-4916-AFCA-06D51C125B60}"
EndProject
Global
	GlobalSection(SolutionConfigurationPlatforms) = preSolution
		Debug|Any CPU = Debug|Any CPU
		Release|Any CPU = Release|Any CPU
	EndGlobalSection
	GlobalSection(ProjectConfigurationPlatforms) = postSolution
		{B3BAE6BB-2C68-4916-AFCA-06D51C125B60}.Debug|Any CPU.ActiveCfg = Debug|Any CPU
		{B3BAE6BB-2C68-4916-AFCA-06D51C125B60}.Debug|Any CPU.Build.0 = Debug|Any CPU
		{B3BAE6BB-2C68-4916-AFCA-06D51C125B60}.Release|Any CPU.ActiveCfg = Release|Any CPU
		{B3BAE6BB-2C68-4916-AFCA-06D51C125B60}.Release|Any CPU.Build.0 = Release|Any CPU
	EndGlobalSection
	GlobalSection(SolutionProperties) = preSolution
		HideSolutionNode = FALSE
	EndGlobalSection
	GlobalSection(ExtensibilityGlobals) = postSolution
		SolutionGuid = {2FCDA685-0A6A-4D4E-96D8-36E0CEAEE0B6}
	EndGlobalSection
EndGlobal
